Microsoft Visual Studio Solution File, Format Version 11.00
# Visual Studio 2008

Project("{F0B84237-7D66-BE13-6729-14A595D8E52D}") = "multiplayer-node-unity", "Assembly-CSharp.csproj", "{C44CE6D2-995D-0D4B-1C54-95FCECEB3BC3}"
EndProject
Project("{F0B84237-7D66-BE13-6729-14A595D8E52D}") = "multiplayer-node-unity", "Assembly-CSharp-Editor.csproj", "{EE07C9E1-8094-5573-CD18-2BE45D69DA49}"
EndProject
Global
	GlobalSection(SolutionConfigurationPlatforms) = preSolution
		Debug|Any CPU = Debug|Any CPU
		Release|Any CPU = Release|Any CPU
	EndGlobalSection
	GlobalSection(ProjectConfigurationPlatforms) = postSolution
		{C44CE6D2-995D-0D4B-1C54-95FCECEB3BC3}.Debug|Any CPU.ActiveCfg = Debug|Any CPU
		{C44CE6D2-995D-0D4B-1C54-95FCECEB3BC3}.Debug|Any CPU.Build.0 = Debug|Any CPU
		{C44CE6D2-995D-0D4B-1C54-95FCECEB3BC3}.Release|Any CPU.ActiveCfg = Release|Any CPU
		{C44CE6D2-995D-0D4B-1C54-95FCECEB3BC3}.Release|Any CPU.Build.0 = Release|Any CPU
		{EE07C9E1-8094-5573-CD18-2BE45D69DA49}.Debug|Any CPU.ActiveCfg = Debug|Any CPU
		{EE07C9E1-8094-5573-CD18-2BE45D69DA49}.Debug|Any CPU.Build.0 = Debug|Any CPU
		{EE07C9E1-8094-5573-CD18-2BE45D69DA49}.Release|Any CPU.ActiveCfg = Release|Any CPU
		{EE07C9E1-8094-5573-CD18-2BE45D69DA49}.Release|Any CPU.Build.0 = Release|Any CPU
	EndGlobalSection
	GlobalSection(SolutionProperties) = preSolution
		HideSolutionNode = FALSE
	EndGlobalSection
	GlobalSection(MonoDevelopProperties) = preSolution
		StartupItem = Assembly-CSharp.csproj
	EndGlobalSection
EndGlobal
